
Microsoft Visual Studio Solution File, Format Version 12.00
# Visual Studio Version 16
VisualStudioVersion = 16.0.30517.126
MinimumVisualStudioVersion = 10.0.40219.1
Project("{8BC9CEB8-8B4A-11D0-8D11-00A0C91BC942}") = "REPORT4 PROB.1-A No.2", "REPORT4 PROB.1-A No.2.vcxproj", "{2043F3C1-DEE0-405E-9F75-46D7875A9E20}"
EndProject
Global
	GlobalSection(SolutionConfigurationPlatforms) = preSolution
		Debug|x64 = Debug|x64
		Debug|x86 = Debug|x86
		Release|x64 = Release|x64
		Release|x86 = Release|x86
	EndGlobalSection
	GlobalSection(ProjectConfigurationPlatforms) = postSolution
		{2043F3C1-DEE0-405E-9F75-46D7875A9E20}.Debug|x64.ActiveCfg = Debug|x64
		{2043F3C1-DEE0-405E-9F75-46D7875A9E20}.Debug|x64.Build.0 = Debug|x64
		{2043F3C1-DEE0-405E-9F75-46D7875A9E20}.Debug|x86.ActiveCfg = Debug|Win32
		{2043F3C1-DEE0-405E-9F75-46D7875A9E20}.Debug|x86.Build.0 = Debug|Win32
		{2043F3C1-DEE0-405E-9F75-46D7875A9E20}.Release|x64.ActiveCfg = Release|x64
		{2043F3C1-DEE0-405E-9F75-46D7875A9E20}.Release|x64.Build.0 = Release|x64
		{2043F3C1-DEE0-405E-9F75-46D7875A9E20}.Release|x86.ActiveCfg = Release|Win32
		{2043F3C1-DEE0-405E-9F75-46D7875A9E20}.Release|x86.Build.0 = Release|Win32
	EndGlobalSection
	GlobalSection(SolutionProperties) = preSolution
		HideSolutionNode = FALSE
	EndGlobalSection
	GlobalSection(ExtensibilityGlobals) = postSolution
		SolutionGuid = {B0871F57-D0F5-478B-B24E-66FC24A66510}
	EndGlobalSection
EndGlobal
