
Microsoft Visual Studio Solution File, Format Version 12.00
# Visual Studio Version 16
VisualStudioVersion = 16.0.30517.126
MinimumVisualStudioVersion = 10.0.40219.1
Project("{8BC9CEB8-8B4A-11D0-8D11-00A0C91BC942}") = "REPORT4 PROB.1-A No.1", "REPORT4 PROB.1-A No.1.vcxproj", "{DC952B96-B112-480C-B230-3F791CB395AC}"
EndProject
Global
	GlobalSection(SolutionConfigurationPlatforms) = preSolution
		Debug|x64 = Debug|x64
		Debug|x86 = Debug|x86
		Release|x64 = Release|x64
		Release|x86 = Release|x86
	EndGlobalSection
	GlobalSection(ProjectConfigurationPlatforms) = postSolution
		{DC952B96-B112-480C-B230-3F791CB395AC}.Debug|x64.ActiveCfg = Debug|x64
		{DC952B96-B112-480C-B230-3F791CB395AC}.Debug|x64.Build.0 = Debug|x64
		{DC952B96-B112-480C-B230-3F791CB395AC}.Debug|x86.ActiveCfg = Debug|Win32
		{DC952B96-B112-480C-B230-3F791CB395AC}.Debug|x86.Build.0 = Debug|Win32
		{DC952B96-B112-480C-B230-3F791CB395AC}.Release|x64.ActiveCfg = Release|x64
		{DC952B96-B112-480C-B230-3F791CB395AC}.Release|x64.Build.0 = Release|x64
		{DC952B96-B112-480C-B230-3F791CB395AC}.Release|x86.ActiveCfg = Release|Win32
		{DC952B96-B112-480C-B230-3F791CB395AC}.Release|x86.Build.0 = Release|Win32
	EndGlobalSection
	GlobalSection(SolutionProperties) = preSolution
		HideSolutionNode = FALSE
	EndGlobalSection
	GlobalSection(ExtensibilityGlobals) = postSolution
		SolutionGuid = {47D07668-93A7-4C2D-B698-95AE80DA59CD}
	EndGlobalSection
EndGlobal
